// !$*UTF8*$!
{
	archiveVersion = 1;
	classes = {
	};
	objectVersion = 50;
	objects = {

/* Begin PBXBuildFile section */
		057A97833253673C0F1EC3B0 /* libPods-NWRTChartDemo.a in Frameworks */ = {isa = PBXBuildFile; fileRef = 43DF513494D1F2A6724FF185 /* libPods-NWRTChartDemo.a */; };
		F836969326A845690074EC0D /* AppDelegate.m in Sources */ = {isa = PBXBuildFile; fileRef = F836969226A845690074EC0D /* AppDelegate.m */; };
		F836969E26A8456B0074EC0D /* Assets.xcassets in Resources */ = {isa = PBXBuildFile; fileRef = F836969D26A8456B0074EC0D /* Assets.xcassets */; };
		F83696A126A8456B0074EC0D /* LaunchScreen.storyboard in Resources */ = {isa = PBXBuildFile; fileRef = F836969F26A8456B0074EC0D /* LaunchScreen.storyboard */; };
		F83696A426A8456B0074EC0D /* main.m in Sources */ = {isa = PBXBuildFile; fileRef = F83696A326A8456B0074EC0D /* main.m */; };
		F83696B726A846600074EC0D /* NWRTDemoMainTopView.m in Sources */ = {isa = PBXBuildFile; fileRef = F83696B126A846600074EC0D /* NWRTDemoMainTopView.m */; };
		F83696B826A846600074EC0D /* NWRTDemoMainCell.m in Sources */ = {isa = PBXBuildFile; fileRef = F83696B226A846600074EC0D /* NWRTDemoMainCell.m */; };
		F83696B926A846600074EC0D /* NWRTDemoMainBgView.m in Sources */ = {isa = PBXBuildFile; fileRef = F83696B326A846600074EC0D /* NWRTDemoMainBgView.m */; };
		F83696C226A8474E0074EC0D /* HistogramModel.m in Sources */ = {isa = PBXBuildFile; fileRef = F83696C126A8474E0074EC0D /* HistogramModel.m */; };
		F852B73626A9B79000BFDC54 /* NWRTMainViewController.m in Sources */ = {isa = PBXBuildFile; fileRef = F852B73526A9B79000BFDC54 /* NWRTMainViewController.m */; };
		F852B73A26A9B85800BFDC54 /* Main.storyboard in Resources */ = {isa = PBXBuildFile; fileRef = F852B73926A9B85800BFDC54 /* Main.storyboard */; };
/* End PBXBuildFile section */

/* Begin PBXFileReference section */
		43DF513494D1F2A6724FF185 /* libPods-NWRTChartDemo.a */ = {isa = PBXFileReference; explicitFileType = archive.ar; includeInIndex = 0; path = "libPods-NWRTChartDemo.a"; sourceTree = BUILT_PRODUCTS_DIR; };
		6BD1E9ED0ECC375BA3292703 /* Pods-NWRTChartDemo.release.xcconfig */ = {isa = PBXFileReference; includeInIndex = 1; lastKnownFileType = text.xcconfig; name = "Pods-NWRTChartDemo.release.xcconfig"; path = "Target Support Files/Pods-NWRTChartDemo/Pods-NWRTChartDemo.release.xcconfig"; sourceTree = "<group>"; };
		8C87EC67DFF271CF766DDFEF /* Pods-NWRTChartDemo.debug.xcconfig */ = {isa = PBXFileReference; includeInIndex = 1; lastKnownFileType = text.xcconfig; name = "Pods-NWRTChartDemo.debug.xcconfig"; path = "Target Support Files/Pods-NWRTChartDemo/Pods-NWRTChartDemo.debug.xcconfig"; sourceTree = "<group>"; };
		F836968E26A845690074EC0D /* NWRTChartDemo.app */ = {isa = PBXFileReference; explicitFileType = wrapper.application; includeInIndex = 0; path = NWRTChartDemo.app; sourceTree = BUILT_PRODUCTS_DIR; };
		F836969126A845690074EC0D /* AppDelegate.h */ = {isa = PBXFileReference; lastKnownFileType = sourcecode.c.h; path = AppDelegate.h; sourceTree = "<group>"; };
		F836969226A845690074EC0D /* AppDelegate.m */ = {isa = PBXFileReference; lastKnownFileType = sourcecode.c.objc; path = AppDelegate.m; sourceTree = "<group>"; };
		F836969726A845690074EC0D /* NWRTMainViewController.h */ = {isa = PBXFileReference; lastKnownFileType = sourcecode.c.h; path = NWRTMainViewController.h; sourceTree = "<group>"; };
		F836969D26A8456B0074EC0D /* Assets.xcassets */ = {isa = PBXFileReference; lastKnownFileType = folder.assetcatalog; path = Assets.xcassets; sourceTree = "<group>"; };
		F83696A026A8456B0074EC0D /* Base */ = {isa = PBXFileReference; lastKnownFileType = file.storyboard; name = Base; path = Base.lproj/LaunchScreen.storyboard; sourceTree = "<group>"; };
		F83696A226A8456B0074EC0D /* Info.plist */ = {isa = PBXFileReference; lastKnownFileType = text.plist.xml; path = Info.plist; sourceTree = "<group>"; };
		F83696A326A8456B0074EC0D /* main.m */ = {isa = PBXFileReference; lastKnownFileType = sourcecode.c.objc; path = main.m; sourceTree = "<group>"; };
		F83696AF26A846600074EC0D /* NWRTDemoMainBgView.h */ = {isa = PBXFileReference; fileEncoding = 4; lastKnownFileType = sourcecode.c.h; path = NWRTDemoMainBgView.h; sourceTree = "<group>"; };
		F83696B026A846600074EC0D /* NWRTDemoMainCell.h */ = {isa = PBXFileReference; fileEncoding = 4; lastKnownFileType = sourcecode.c.h; path = NWRTDemoMainCell.h; sourceTree = "<group>"; };
		F83696B126A846600074EC0D /* NWRTDemoMainTopView.m */ = {isa = PBXFileReference; fileEncoding = 4; lastKnownFileType = sourcecode.c.objc; path = NWRTDemoMainTopView.m; sourceTree = "<group>"; };
		F83696B226A846600074EC0D /* NWRTDemoMainCell.m */ = {isa = PBXFileReference; fileEncoding = 4; lastKnownFileType = sourcecode.c.objc; path = NWRTDemoMainCell.m; sourceTree = "<group>"; };
		F83696B326A846600074EC0D /* NWRTDemoMainBgView.m */ = {isa = PBXFileReference; fileEncoding = 4; lastKnownFileType = sourcecode.c.objc; path = NWRTDemoMainBgView.m; sourceTree = "<group>"; };
		F83696B426A846600074EC0D /* NWRTDemoMainTopView.h */ = {isa = PBXFileReference; fileEncoding = 4; lastKnownFileType = sourcecode.c.h; path = NWRTDemoMainTopView.h; sourceTree = "<group>"; };
		F83696BD26A847020074EC0D /* NWRTDemoHeader.h */ = {isa = PBXFileReference; lastKnownFileType = sourcecode.c.h; path = NWRTDemoHeader.h; sourceTree = "<group>"; };
		F83696C026A8474E0074EC0D /* HistogramModel.h */ = {isa = PBXFileReference; fileEncoding = 4; lastKnownFileType = sourcecode.c.h; path = HistogramModel.h; sourceTree = "<group>"; };
		F83696C126A8474E0074EC0D /* HistogramModel.m */ = {isa = PBXFileReference; fileEncoding = 4; lastKnownFileType = sourcecode.c.objc; path = HistogramModel.m; sourceTree = "<group>"; };
		F852B73526A9B79000BFDC54 /* NWRTMainViewController.m */ = {isa = PBXFileReference; fileEncoding = 4; lastKnownFileType = sourcecode.c.objc; path = NWRTMainViewController.m; sourceTree = "<group>"; };
		F852B73926A9B85800BFDC54 /* Main.storyboard */ = {isa = PBXFileReference; fileEncoding = 4; lastKnownFileType = file.storyboard; path = Main.storyboard; sourceTree = "<group>"; };
/* End PBXFileReference section */

/* Begin PBXFrameworksBuildPhase section */
		F836968B26A845690074EC0D /* Frameworks */ = {
			isa = PBXFrameworksBuildPhase;
			buildActionMask = 2147483647;
			files = (
				057A97833253673C0F1EC3B0 /* libPods-NWRTChartDemo.a in Frameworks */,
			);
			runOnlyForDeploymentPostprocessing = 0;
		};
/* End PBXFrameworksBuildPhase section */

/* Begin PBXGroup section */
		6EFDC762FB190EE0624F996C /* Pods */ = {
			isa = PBXGroup;
			children = (
				8C87EC67DFF271CF766DDFEF /* Pods-NWRTChartDemo.debug.xcconfig */,
				6BD1E9ED0ECC375BA3292703 /* Pods-NWRTChartDemo.release.xcconfig */,
			);
			path = Pods;
			sourceTree = "<group>";
		};
		CF9DE3B620CA70140425B123 /* Frameworks */ = {
			isa = PBXGroup;
			children = (
				43DF513494D1F2A6724FF185 /* libPods-NWRTChartDemo.a */,
			);
			name = Frameworks;
			sourceTree = "<group>";
		};
		F81C1F4526AAF2C80029E623 /* VC */ = {
			isa = PBXGroup;
			children = (
				F836969726A845690074EC0D /* NWRTMainViewController.h */,
				F852B73526A9B79000BFDC54 /* NWRTMainViewController.m */,
			);
			path = VC;
			sourceTree = "<group>";
		};
		F81C1F4626AAF2CE0029E623 /* View */ = {
			isa = PBXGroup;
			children = (
				F83696B026A846600074EC0D /* NWRTDemoMainCell.h */,
				F83696B226A846600074EC0D /* NWRTDemoMainCell.m */,
				F83696B426A846600074EC0D /* NWRTDemoMainTopView.h */,
				F83696B126A846600074EC0D /* NWRTDemoMainTopView.m */,
				F83696AF26A846600074EC0D /* NWRTDemoMainBgView.h */,
				F83696B326A846600074EC0D /* NWRTDemoMainBgView.m */,
			);
			path = View;
			sourceTree = "<group>";
		};
		F81C1F4726AAF2D50029E623 /* Model */ = {
			isa = PBXGroup;
			children = (
				F83696C026A8474E0074EC0D /* HistogramModel.h */,
				F83696C126A8474E0074EC0D /* HistogramModel.m */,
			);
			path = Model;
			sourceTree = "<group>";
		};
		F836968526A845690074EC0D = {
			isa = PBXGroup;
			children = (
				F836969026A845690074EC0D /* NWRTChartDemo */,
				F836968F26A845690074EC0D /* Products */,
				6EFDC762FB190EE0624F996C /* Pods */,
				CF9DE3B620CA70140425B123 /* Frameworks */,
			);
			sourceTree = "<group>";
		};
		F836968F26A845690074EC0D /* Products */ = {
			isa = PBXGroup;
			children = (
				F836968E26A845690074EC0D /* NWRTChartDemo.app */,
			);
			name = Products;
			sourceTree = "<group>";
		};
		F836969026A845690074EC0D /* NWRTChartDemo */ = {
			isa = PBXGroup;
			children = (
				F81C1F4726AAF2D50029E623 /* Model */,
				F81C1F4626AAF2CE0029E623 /* View */,
				F81C1F4526AAF2C80029E623 /* VC */,
				F836969126A845690074EC0D /* AppDelegate.h */,
				F836969226A845690074EC0D /* AppDelegate.m */,
				F836969D26A8456B0074EC0D /* Assets.xcassets */,
				F836969F26A8456B0074EC0D /* LaunchScreen.storyboard */,
				F852B73926A9B85800BFDC54 /* Main.storyboard */,
				F83696BD26A847020074EC0D /* NWRTDemoHeader.h */,
				F83696A226A8456B0074EC0D /* Info.plist */,
				F83696A326A8456B0074EC0D /* main.m */,
			);
			path = NWRTChartDemo;
			sourceTree = "<group>";
		};
/* End PBXGroup section */

/* Begin PBXNativeTarget section */
		F836968D26A845690074EC0D /* NWRTChartDemo */ = {
			isa = PBXNativeTarget;
			buildConfigurationList = F83696A726A8456B0074EC0D /* Build configuration list for PBXNativeTarget "NWRTChartDemo" */;
			buildPhases = (
				9FAB73515EDE5897B633A506 /* [CP] Check Pods Manifest.lock */,
				F836968A26A845690074EC0D /* Sources */,
				F836968B26A845690074EC0D /* Frameworks */,
				F836968C26A845690074EC0D /* Resources */,
			);
			buildRules = (
			);
			dependencies = (
			);
			name = NWRTChartDemo;
			productName = NWRTChartDemo;
			productReference = F836968E26A845690074EC0D /* NWRTChartDemo.app */;
			productType = "com.apple.product-type.application";
		};
/* End PBXNativeTarget section */

/* Begin PBXProject section */
		F836968626A845690074EC0D /* Project object */ = {
			isa = PBXProject;
			attributes = {
				LastUpgradeCheck = 1210;
				TargetAttributes = {
					F836968D26A845690074EC0D = {
						CreatedOnToolsVersion = 12.1;
					};
				};
			};
			buildConfigurationList = F836968926A845690074EC0D /* Build configuration list for PBXProject "NWRTChartDemo" */;
			compatibilityVersion = "Xcode 9.3";
			developmentRegion = en;
			hasScannedForEncodings = 0;
			knownRegions = (
				en,
				Base,
			);
			mainGroup = F836968526A845690074EC0D;
			productRefGroup = F836968F26A845690074EC0D /* Products */;
			projectDirPath = "";
			projectRoot = "";
			targets = (
				F836968D26A845690074EC0D /* NWRTChartDemo */,
			);
		};
/* End PBXProject section */

/* Begin PBXResourcesBuildPhase section */
		F836968C26A845690074EC0D /* Resources */ = {
			isa = PBXResourcesBuildPhase;
			buildActionMask = 2147483647;
			files = (
				F83696A126A8456B0074EC0D /* LaunchScreen.storyboard in Resources */,
				F852B73A26A9B85800BFDC54 /* Main.storyboard in Resources */,
				F836969E26A8456B0074EC0D /* Assets.xcassets in Resources */,
			);
			runOnlyForDeploymentPostprocessing = 0;
		};
/* End PBXResourcesBuildPhase section */

/* Begin PBXShellScriptBuildPhase section */
		9FAB73515EDE5897B633A506 /* [CP] Check Pods Manifest.lock */ = {
			isa = PBXShellScriptBuildPhase;
			buildActionMask = 2147483647;
			files = (
			);
			inputFileListPaths = (
			);
			inputPaths = (
				"${PODS_PODFILE_DIR_PATH}/Podfile.lock",
				"${PODS_ROOT}/Manifest.lock",
			);
			name = "[CP] Check Pods Manifest.lock";
			outputFileListPaths = (
			);
			outputPaths = (
				"$(DERIVED_FILE_DIR)/Pods-NWRTChartDemo-checkManifestLockResult.txt",
			);
			runOnlyForDeploymentPostprocessing = 0;
			shellPath = /bin/sh;
			shellScript = "diff \"${PODS_PODFILE_DIR_PATH}/Podfile.lock\" \"${PODS_ROOT}/Manifest.lock\" > /dev/null\nif [ $? != 0 ] ; then\n    # print error to STDERR\n    echo \"error: The sandbox is not in sync with the Podfile.lock. Run 'pod install' or update your CocoaPods installation.\" >&2\n    exit 1\nfi\n# This output is used by Xcode 'outputs' to avoid re-running this script phase.\necho \"SUCCESS\" > \"${SCRIPT_OUTPUT_FILE_0}\"\n";
			showEnvVarsInLog = 0;
		};
/* End PBXShellScriptBuildPhase section */

/* Begin PBXSourcesBuildPhase section */
		F836968A26A845690074EC0D /* Sources */ = {
			isa = PBXSourcesBuildPhase;
			buildActionMask = 2147483647;
			files = (
				F83696B726A846600074EC0D /* NWRTDemoMainTopView.m in Sources */,
				F852B73626A9B79000BFDC54 /* NWRTMainViewController.m in Sources */,
				F83696C226A8474E0074EC0D /* HistogramModel.m in Sources */,
				F836969326A845690074EC0D /* AppDelegate.m in Sources */,
				F83696B826A846600074EC0D /* NWRTDemoMainCell.m in Sources */,
				F83696A426A8456B0074EC0D /* main.m in Sources */,
				F83696B926A846600074EC0D /* NWRTDemoMainBgView.m in Sources */,
			);
			runOnlyForDeploymentPostprocessing = 0;
		};
/* End PBXSourcesBuildPhase section */

/* Begin PBXVariantGroup section */
		F836969F26A8456B0074EC0D /* LaunchScreen.storyboard */ = {
			isa = PBXVariantGroup;
			children = (
				F83696A026A8456B0074EC0D /* Base */,
			);
			name = LaunchScreen.storyboard;
			sourceTree = "<group>";
		};
/* End PBXVariantGroup section */

/* Begin XCBuildConfiguration section */
		F83696A526A8456B0074EC0D /* Debug */ = {
			isa = XCBuildConfiguration;
			buildSettings = {
				ALWAYS_SEARCH_USER_PATHS = NO;
				CLANG_ANALYZER_NONNULL = YES;
				CLANG_ANALYZER_NUMBER_OBJECT_CONVERSION = YES_AGGRESSIVE;
				CLANG_CXX_LANGUAGE_STANDARD = "gnu++14";
				CLANG_CXX_LIBRARY = "libc++";
				CLANG_ENABLE_MODULES = YES;
				CLANG_ENABLE_OBJC_ARC = YES;
				CLANG_ENABLE_OBJC_WEAK = YES;
				CLANG_WARN_BLOCK_CAPTURE_AUTORELEASING = YES;
				CLANG_WARN_BOOL_CONVERSION = YES;
				CLANG_WARN_COMMA = YES;
				CLANG_WARN_CONSTANT_CONVERSION = YES;
				CLANG_WARN_DEPRECATED_OBJC_IMPLEMENTATIONS = YES;
				CLANG_WARN_DIRECT_OBJC_ISA_USAGE = YES_ERROR;
				CLANG_WARN_DOCUMENTATION_COMMENTS = YES;
				CLANG_WARN_EMPTY_BODY = YES;
				CLANG_WARN_ENUM_CONVERSION = YES;
				CLANG_WARN_INFINITE_RECURSION = YES;
				CLANG_WARN_INT_CONVERSION = YES;
				CLANG_WARN_NON_LITERAL_NULL_CONVERSION = YES;
				CLANG_WARN_OBJC_IMPLICIT_RETAIN_SELF = YES;
				CLANG_WARN_OBJC_LITERAL_CONVERSION = YES;
				CLANG_WARN_OBJC_ROOT_CLASS = YES_ERROR;
				CLANG_WARN_QUOTED_INCLUDE_IN_FRAMEWORK_HEADER = YES;
				CLANG_WARN_RANGE_LOOP_ANALYSIS = YES;
				CLANG_WARN_STRICT_PROTOTYPES = YES;
				CLANG_WARN_SUSPICIOUS_MOVE = YES;
				CLANG_WARN_UNGUARDED_AVAILABILITY = YES_AGGRESSIVE;
				CLANG_WARN_UNREACHABLE_CODE = YES;
				CLANG_WARN__DUPLICATE_METHOD_MATCH = YES;
				COPY_PHASE_STRIP = NO;
				DEBUG_INFORMATION_FORMAT = dwarf;
				ENABLE_STRICT_OBJC_MSGSEND = YES;
				ENABLE_TESTABILITY = YES;
				GCC_C_LANGUAGE_STANDARD = gnu11;
				GCC_DYNAMIC_NO_PIC = NO;
				GCC_NO_COMMON_BLOCKS = YES;
				GCC_OPTIMIZATION_LEVEL = 0;
				GCC_PREPROCESSOR_DEFINITIONS = (
					"DEBUG=1",
					"$(inherited)",
				);
				GCC_WARN_64_TO_32_BIT_CONVERSION = YES;
				GCC_WARN_ABOUT_RETURN_TYPE = YES_ERROR;
				GCC_WARN_UNDECLARED_SELECTOR = YES;
				GCC_WARN_UNINITIALIZED_AUTOS = YES_AGGRESSIVE;
				GCC_WARN_UNUSED_FUNCTION = YES;
				GCC_WARN_UNUSED_VARIABLE = YES;
				IPHONEOS_DEPLOYMENT_TARGET = 14.1;
				MTL_ENABLE_DEBUG_INFO = INCLUDE_SOURCE;
				MTL_FAST_MATH = YES;
				ONLY_ACTIVE_ARCH = YES;
				SDKROOT = iphoneos;
			};
			name = Debug;
		};
		F83696A626A8456B0074EC0D /* Release */ = {
			isa = XCBuildConfiguration;
			buildSettings = {
				ALWAYS_SEARCH_USER_PATHS = NO;
				CLANG_ANALYZER_NONNULL = YES;
				CLANG_ANALYZER_NUMBER_OBJECT_CONVERSION = YES_AGGRESSIVE;
				CLANG_CXX_LANGUAGE_STANDARD = "gnu++14";
				CLANG_CXX_LIBRARY = "libc++";
				CLANG_ENABLE_MODULES = YES;
				CLANG_ENABLE_OBJC_ARC = YES;
				CLANG_ENABLE_OBJC_WEAK = YES;
				CLANG_WARN_BLOCK_CAPTURE_AUTORELEASING = YES;
				CLANG_WARN_BOOL_CONVERSION = YES;
				CLANG_WARN_COMMA = YES;
				CLANG_WARN_CONSTANT_CONVERSION = YES;
				CLANG_WARN_DEPRECATED_OBJC_IMPLEMENTATIONS = YES;
				CLANG_WARN_DIRECT_OBJC_ISA_USAGE = YES_ERROR;
				CLANG_WARN_DOCUMENTATION_COMMENTS = YES;
				CLANG_WARN_EMPTY_BODY = YES;
				CLANG_WARN_ENUM_CONVERSION = YES;
				CLANG_WARN_INFINITE_RECURSION = YES;
				CLANG_WARN_INT_CONVERSION = YES;
				CLANG_WARN_NON_LITERAL_NULL_CONVERSION = YES;
				CLANG_WARN_OBJC_IMPLICIT_RETAIN_SELF = YES;
				CLANG_WARN_OBJC_LITERAL_CONVERSION = YES;
				CLANG_WARN_OBJC_ROOT_CLASS = YES_ERROR;
				CLANG_WARN_QUOTED_INCLUDE_IN_FRAMEWORK_HEADER = YES;
				CLANG_WARN_RANGE_LOOP_ANALYSIS = YES;
				CLANG_WARN_STRICT_PROTOTYPES = YES;
				CLANG_WARN_SUSPICIOUS_MOVE = YES;
				CLANG_WARN_UNGUARDED_AVAILABILITY = YES_AGGRESSIVE;
				CLANG_WARN_UNREACHABLE_CODE = YES;
				CLANG_WARN__DUPLICATE_METHOD_MATCH = YES;
				COPY_PHASE_STRIP = NO;
				DEBUG_INFORMATION_FORMAT = "dwarf-with-dsym";
				ENABLE_NS_ASSERTIONS = NO;
				ENABLE_STRICT_OBJC_MSGSEND = YES;
				GCC_C_LANGUAGE_STANDARD = gnu11;
				GCC_NO_COMMON_BLOCKS = YES;
				GCC_WARN_64_TO_32_BIT_CONVERSION = YES;
				GCC_WARN_ABOUT_RETURN_TYPE = YES_ERROR;
				GCC_WARN_UNDECLARED_SELECTOR = YES;
				GCC_WARN_UNINITIALIZED_AUTOS = YES_AGGRESSIVE;
				GCC_WARN_UNUSED_FUNCTION = YES;
				GCC_WARN_UNUSED_VARIABLE = YES;
				IPHONEOS_DEPLOYMENT_TARGET = 14.1;
				MTL_ENABLE_DEBUG_INFO = NO;
				MTL_FAST_MATH = YES;
				SDKROOT = iphoneos;
				VALIDATE_PRODUCT = YES;
			};
			name = Release;
		};
		F83696A826A8456B0074EC0D /* Debug */ = {
			isa = XCBuildConfiguration;
			baseConfigurationReference = 8C87EC67DFF271CF766DDFEF /* Pods-NWRTChartDemo.debug.xcconfig */;
			buildSettings = {
				ASSETCATALOG_COMPILER_APPICON_NAME = AppIcon;
				ASSETCATALOG_COMPILER_GLOBAL_ACCENT_COLOR_NAME = AccentColor;
				CODE_SIGN_STYLE = Automatic;
				DEVELOPMENT_TEAM = PV455DVBQ9;
				INFOPLIST_FILE = NWRTChartDemo/Info.plist;
				LD_RUNPATH_SEARCH_PATHS = (
					"$(inherited)",
					"@executable_path/Frameworks",
				);
				PRODUCT_BUNDLE_IDENTIFIER = com.kwni.NWRTChartDemo;
				PRODUCT_NAME = "$(TARGET_NAME)";
				TARGETED_DEVICE_FAMILY = "1,2";
			};
			name = Debug;
		};
		F83696A926A8456B0074EC0D /* Release */ = {
			isa = XCBuildConfiguration;
			baseConfigurationReference = 6BD1E9ED0ECC375BA3292703 /* Pods-NWRTChartDemo.release.xcconfig */;
			buildSettings = {
				ASSETCATALOG_COMPILER_APPICON_NAME = AppIcon;
				ASSETCATALOG_COMPILER_GLOBAL_ACCENT_COLOR_NAME = AccentColor;
				CODE_SIGN_STYLE = Automatic;
				DEVELOPMENT_TEAM = PV455DVBQ9;
				INFOPLIST_FILE = NWRTChartDemo/Info.plist;
				LD_RUNPATH_SEARCH_PATHS = (
					"$(inherited)",
					"@executable_path/Frameworks",
				);
				PRODUCT_BUNDLE_IDENTIFIER = com.kwni.NWRTChartDemo;
				PRODUCT_NAME = "$(TARGET_NAME)";
				TARGETED_DEVICE_FAMILY = "1,2";
			};
			name = Release;
		};
/* End XCBuildConfiguration section */

/* Begin XCConfigurationList section */
		F836968926A845690074EC0D /* Build configuration list for PBXProject "NWRTChartDemo" */ = {
			isa = XCConfigurationList;
			buildConfigurations = (
				F83696A526A8456B0074EC0D /* Debug */,
				F83696A626A8456B0074EC0D /* Release */,
			);
			defaultConfigurationIsVisible = 0;
			defaultConfigurationName = Release;
		};
		F83696A726A8456B0074EC0D /* Build configuration list for PBXNativeTarget "NWRTChartDemo" */ = {
			isa = XCConfigurationList;
			buildConfigurations = (
				F83696A826A8456B0074EC0D /* Debug */,
				F83696A926A8456B0074EC0D /* Release */,
			);
			defaultConfigurationIsVisible = 0;
			defaultConfigurationName = Release;
		};
/* End XCConfigurationList section */
	};
	rootObject = F836968626A845690074EC0D /* Project object */;
}
